
Microsoft Visual Studio Solution File, Format Version 12.00
# Visual Studio Version 17
VisualStudioVersion = 17.4.33205.214
MinimumVisualStudioVersion = 10.0.40219.1
Project("{9A19103F-16F7-4668-BE54-9A1E7A4F7556}") = "SLMP", "SLMP.csproj", "{728F25BA-BADF-4C17-9EF8-60790F00B4FF}"
EndProject
Global
	GlobalSection(SolutionConfigurationPlatforms) = preSolution
		Debug|Any CPU = Debug|Any CPU
		Release|Any CPU = Release|Any CPU
	EndGlobalSection
	GlobalSection(ProjectConfigurationPlatforms) = postSolution
		{728F25BA-BADF-4C17-9EF8-60790F00B4FF}.Debug|Any CPU.ActiveCfg = Debug|Any CPU
		{728F25BA-BADF-4C17-9EF8-60790F00B4FF}.Debug|Any CPU.Build.0 = Debug|Any CPU
		{728F25BA-BADF-4C17-9EF8-60790F00B4FF}.Release|Any CPU.ActiveCfg = Release|Any CPU
		{728F25BA-BADF-4C17-9EF8-60790F00B4FF}.Release|Any CPU.Build.0 = Release|Any CPU
	EndGlobalSection
	GlobalSection(SolutionProperties) = preSolution
		HideSolutionNode = FALSE
	EndGlobalSection
	GlobalSection(ExtensibilityGlobals) = postSolution
		SolutionGuid = {C98E703F-5AFB-48B8-B342-BE042868CAA3}
	EndGlobalSection
EndGlobal
